
Microsoft Visual Studio Solution File, Format Version 12.00
# Visual Studio Version 17
VisualStudioVersion = 17.3.32804.467
MinimumVisualStudioVersion = 10.0.40219.1
Project("{9A19103F-16F7-4668-BE54-9A1E7A4F7556}") = "Asp.FireStore", "Asp.FireStore\Asp.FireStore.csproj", "{79F7041D-5031-4C9B-8559-157B5DB54D5C}"
EndProject
Global
	GlobalSection(SolutionConfigurationPlatforms) = preSolution
		Debug|Any CPU = Debug|Any CPU
		Release|Any CPU = Release|Any CPU
	EndGlobalSection
	GlobalSection(ProjectConfigurationPlatforms) = postSolution
		{79F7041D-5031-4C9B-8559-157B5DB54D5C}.Debug|Any CPU.ActiveCfg = Debug|Any CPU
		{79F7041D-5031-4C9B-8559-157B5DB54D5C}.Debug|Any CPU.Build.0 = Debug|Any CPU
		{79F7041D-5031-4C9B-8559-157B5DB54D5C}.Release|Any CPU.ActiveCfg = Release|Any CPU
		{79F7041D-5031-4C9B-8559-157B5DB54D5C}.Release|Any CPU.Build.0 = Release|Any CPU
	EndGlobalSection
	GlobalSection(SolutionProperties) = preSolution
		HideSolutionNode = FALSE
	EndGlobalSection
	GlobalSection(ExtensibilityGlobals) = postSolution
		SolutionGuid = {DCB85062-BBE3-459C-965C-B0FF0D55BA0A}
	EndGlobalSection
EndGlobal
